
Microsoft Visual Studio Solution File, Format Version 12.00
# Visual Studio Version 16
VisualStudioVersion = 16.0.29102.190
MinimumVisualStudioVersion = 10.0.40219.1
Project("{9A19103F-16F7-4668-BE54-9A1E7A4F7556}") = "AmIAMutantTests", "AmIAMutantTests\AmIAMutantTests.csproj", "{22910556-92B4-4458-ABCA-18FD26B9F31D}"
EndProject
Project("{9A19103F-16F7-4668-BE54-9A1E7A4F7556}") = "AmIAMutant", "AmIAMutant\AmIAMutant.csproj", "{7C14F98A-233A-4760-9530-CFD054F94B0C}"
EndProject
Global
	GlobalSection(SolutionConfigurationPlatforms) = preSolution
		Debug|Any CPU = Debug|Any CPU
		Release|Any CPU = Release|Any CPU
	EndGlobalSection
	GlobalSection(ProjectConfigurationPlatforms) = postSolution
		{22910556-92B4-4458-ABCA-18FD26B9F31D}.Debug|Any CPU.ActiveCfg = Debug|Any CPU
		{22910556-92B4-4458-ABCA-18FD26B9F31D}.Debug|Any CPU.Build.0 = Debug|Any CPU
		{22910556-92B4-4458-ABCA-18FD26B9F31D}.Release|Any CPU.ActiveCfg = Release|Any CPU
		{22910556-92B4-4458-ABCA-18FD26B9F31D}.Release|Any CPU.Build.0 = Release|Any CPU
		{7C14F98A-233A-4760-9530-CFD054F94B0C}.Debug|Any CPU.ActiveCfg = Debug|Any CPU
		{7C14F98A-233A-4760-9530-CFD054F94B0C}.Debug|Any CPU.Build.0 = Debug|Any CPU
		{7C14F98A-233A-4760-9530-CFD054F94B0C}.Release|Any CPU.ActiveCfg = Release|Any CPU
		{7C14F98A-233A-4760-9530-CFD054F94B0C}.Release|Any CPU.Build.0 = Release|Any CPU
	EndGlobalSection
	GlobalSection(SolutionProperties) = preSolution
		HideSolutionNode = FALSE
	EndGlobalSection
	GlobalSection(ExtensibilityGlobals) = postSolution
		SolutionGuid = {2120867C-1917-480E-8955-06DBFF84F6DF}
	EndGlobalSection
EndGlobal
